github.com/gorilla/mux v1.7.4 h1:VuZ8uybHlWmqV03+zRzdwKL4tUnIp1MAQtp1mIFE1bc=
github.com/gorilla/mux v1.7.4/go.mod h1:DVbg23sWSpFRCP0SfiEN6jmj59UnW/n46BH5rLB71So=
github.com/veremchukvv/go_web_cinema v0.0.0-20200817122854-4f91b5b2f416 h1:dXB/ccMs9isuWKeE0ezSHF0rXFkGB21n8nVqtQs5hQk=
github.com/veremchukvv/go_web_cinema/pkg v0.0.0-20200817122854-4f91b5b2f416 h1:9LRkQd8Veu0HvwcToXfIhj2TywdJ1lObyrFtBUqyjnk=
